
Microsoft Visual Studio Solution File, Format Version 12.00
# Visual Studio 15
VisualStudioVersion = 15.0.27130.2036
MinimumVisualStudioVersion = 10.0.40219.1
Project("{FAE04EC0-301F-11D3-BF4B-00C04F79EFBC}") = "TaskTester.DesktopTester", "TaskTester.DesktopTester\TaskTester.DesktopTester.csproj", "{FEFFD43D-A292-40D2-BA33-A5C524F1A802}"
EndProject
Project("{FAE04EC0-301F-11D3-BF4B-00C04F79EFBC}") = "TaskTester.CheckerCore", "TaskTester.CheckerCore\TaskTester.CheckerCore.csproj", "{B547BC51-B1A2-4011-A231-9F1E49DF6FD9}"
EndProject
Project("{FAE04EC0-301F-11D3-BF4B-00C04F79EFBC}") = "TaskTester.DataExtraction", "TaskTester.DataExtraction\TaskTester.DataExtraction.csproj", "{9953BE69-01DE-4AAE-BC32-48AEDF1A7D78}"
EndProject
Project("{FAE04EC0-301F-11D3-BF4B-00C04F79EFBC}") = "TaskTester.BatchEvaluation", "TaskTester.BatchEvaluation\TaskTester.BatchEvaluation.csproj", "{41F08A9A-A679-4245-AC6C-7EDA39980B1B}"
EndProject
Project("{FAE04EC0-301F-11D3-BF4B-00C04F79EFBC}") = "TaskTester.Spreadsheets", "TaskTester.Spreadsheets\TaskTester.Spreadsheets.csproj", "{C2CD83E0-F9BB-4A83-B769-24D8D10BEDDC}"
EndProject
Project("{FAE04EC0-301F-11D3-BF4B-00C04F79EFBC}") = "TaskTester.Spreaadsheets.ExporterDemo", "TaskTester.Spreaadsheets.ExporterDemo\TaskTester.Spreaadsheets.ExporterDemo.csproj", "{21953DF9-9D78-4FF8-8F15-6378B298A93F}"
EndProject
Project("{FAE04EC0-301F-11D3-BF4B-00C04F79EFBC}") = "TaskTester.Tasking", "TaskTester.Tasking\TaskTester.Tasking.csproj", "{3E976FED-A183-493B-AD9F-D3EB39523FC9}"
EndProject
Project("{FAE04EC0-301F-11D3-BF4B-00C04F79EFBC}") = "TaskTester.CheckerCore.Win32", "TaskTester.CheckerCore.Win32\TaskTester.CheckerCore.Win32.csproj", "{7C7BF3BA-DC04-4D8C-A23F-2ECBCADDCA1E}"
EndProject
Project("{FAE04EC0-301F-11D3-BF4B-00C04F79EFBC}") = "TaskTester.CheckerCore.Tests", "TaskTester.CheckerCore.Tests\TaskTester.CheckerCore.Tests.csproj", "{6152178C-326D-4BF7-A432-5841C1A86511}"
EndProject
Global
	GlobalSection(SolutionConfigurationPlatforms) = preSolution
		Debug|Any CPU = Debug|Any CPU
		Debug|WIN64 = Debug|WIN64
		Debug|x64 = Debug|x64
		Debug|x86 = Debug|x86
		Release|Any CPU = Release|Any CPU
		Release|WIN64 = Release|WIN64
		Release|x64 = Release|x64
		Release|x86 = Release|x86
	EndGlobalSection
	GlobalSection(ProjectConfigurationPlatforms) = postSolution
		{FEFFD43D-A292-40D2-BA33-A5C524F1A802}.Debug|Any CPU.ActiveCfg = Debug|Any CPU
		{FEFFD43D-A292-40D2-BA33-A5C524F1A802}.Debug|Any CPU.Build.0 = Debug|Any CPU
		{FEFFD43D-A292-40D2-BA33-A5C524F1A802}.Debug|WIN64.ActiveCfg = Debug|Any CPU
		{FEFFD43D-A292-40D2-BA33-A5C524F1A802}.Debug|WIN64.Build.0 = Debug|Any CPU
		{FEFFD43D-A292-40D2-BA33-A5C524F1A802}.Debug|x64.ActiveCfg = Debug|Any CPU
		{FEFFD43D-A292-40D2-BA33-A5C524F1A802}.Debug|x64.Build.0 = Debug|Any CPU
		{FEFFD43D-A292-40D2-BA33-A5C524F1A802}.Debug|x86.ActiveCfg = Debug|Any CPU
		{FEFFD43D-A292-40D2-BA33-A5C524F1A802}.Debug|x86.Build.0 = Debug|Any CPU
		{FEFFD43D-A292-40D2-BA33-A5C524F1A802}.Release|Any CPU.ActiveCfg = Release|Any CPU
		{FEFFD43D-A292-40D2-BA33-A5C524F1A802}.Release|Any CPU.Build.0 = Release|Any CPU
		{FEFFD43D-A292-40D2-BA33-A5C524F1A802}.Release|WIN64.ActiveCfg = Release|Any CPU
		{FEFFD43D-A292-40D2-BA33-A5C524F1A802}.Release|WIN64.Build.0 = Release|Any CPU
		{FEFFD43D-A292-40D2-BA33-A5C524F1A802}.Release|x64.ActiveCfg = Release|Any CPU
		{FEFFD43D-A292-40D2-BA33-A5C524F1A802}.Release|x64.Build.0 = Release|Any CPU
		{FEFFD43D-A292-40D2-BA33-A5C524F1A802}.Release|x86.ActiveCfg = Release|Any CPU
		{FEFFD43D-A292-40D2-BA33-A5C524F1A802}.Release|x86.Build.0 = Release|Any CPU
		{B547BC51-B1A2-4011-A231-9F1E49DF6FD9}.Debug|Any CPU.ActiveCfg = Debug|Any CPU
		{B547BC51-B1A2-4011-A231-9F1E49DF6FD9}.Debug|Any CPU.Build.0 = Debug|Any CPU
		{B547BC51-B1A2-4011-A231-9F1E49DF6FD9}.Debug|WIN64.ActiveCfg = Debug|Any CPU
		{B547BC51-B1A2-4011-A231-9F1E49DF6FD9}.Debug|WIN64.Build.0 = Debug|Any CPU
		{B547BC51-B1A2-4011-A231-9F1E49DF6FD9}.Debug|x64.ActiveCfg = Debug|Any CPU
		{B547BC51-B1A2-4011-A231-9F1E49DF6FD9}.Debug|x64.Build.0 = Debug|Any CPU
		{B547BC51-B1A2-4011-A231-9F1E49DF6FD9}.Debug|x86.ActiveCfg = Debug|Any CPU
		{B547BC51-B1A2-4011-A231-9F1E49DF6FD9}.Debug|x86.Build.0 = Debug|Any CPU
		{B547BC51-B1A2-4011-A231-9F1E49DF6FD9}.Release|Any CPU.ActiveCfg = Release|Any CPU
		{B547BC51-B1A2-4011-A231-9F1E49DF6FD9}.Release|Any CPU.Build.0 = Release|Any CPU
		{B547BC51-B1A2-4011-A231-9F1E49DF6FD9}.Release|WIN64.ActiveCfg = Release|Any CPU
		{B547BC51-B1A2-4011-A231-9F1E49DF6FD9}.Release|WIN64.Build.0 = Release|Any CPU
		{B547BC51-B1A2-4011-A231-9F1E49DF6FD9}.Release|x64.ActiveCfg = Release|Any CPU
		{B547BC51-B1A2-4011-A231-9F1E49DF6FD9}.Release|x64.Build.0 = Release|Any CPU
		{B547BC51-B1A2-4011-A231-9F1E49DF6FD9}.Release|x86.ActiveCfg = Release|Any CPU
		{B547BC51-B1A2-4011-A231-9F1E49DF6FD9}.Release|x86.Build.0 = Release|Any CPU
		{9953BE69-01DE-4AAE-BC32-48AEDF1A7D78}.Debug|Any CPU.ActiveCfg = Debug|Any CPU
		{9953BE69-01DE-4AAE-BC32-48AEDF1A7D78}.Debug|Any CPU.Build.0 = Debug|Any CPU
		{9953BE69-01DE-4AAE-BC32-48AEDF1A7D78}.Debug|WIN64.ActiveCfg = Debug|Any CPU
		{9953BE69-01DE-4AAE-BC32-48AEDF1A7D78}.Debug|WIN64.Build.0 = Debug|Any CPU
		{9953BE69-01DE-4AAE-BC32-48AEDF1A7D78}.Debug|x64.ActiveCfg = Debug|Any CPU
		{9953BE69-01DE-4AAE-BC32-48AEDF1A7D78}.Debug|x64.Build.0 = Debug|Any CPU
		{9953BE69-01DE-4AAE-BC32-48AEDF1A7D78}.Debug|x86.ActiveCfg = Debug|Any CPU
		{9953BE69-01DE-4AAE-BC32-48AEDF1A7D78}.Debug|x86.Build.0 = Debug|Any CPU
		{9953BE69-01DE-4AAE-BC32-48AEDF1A7D78}.Release|Any CPU.ActiveCfg = Release|Any CPU
		{9953BE69-01DE-4AAE-BC32-48AEDF1A7D78}.Release|Any CPU.Build.0 = Release|Any CPU
		{9953BE69-01DE-4AAE-BC32-48AEDF1A7D78}.Release|WIN64.ActiveCfg = Release|Any CPU
		{9953BE69-01DE-4AAE-BC32-48AEDF1A7D78}.Release|WIN64.Build.0 = Release|Any CPU
		{9953BE69-01DE-4AAE-BC32-48AEDF1A7D78}.Release|x64.ActiveCfg = Release|Any CPU
		{9953BE69-01DE-4AAE-BC32-48AEDF1A7D78}.Release|x64.Build.0 = Release|Any CPU
		{9953BE69-01DE-4AAE-BC32-48AEDF1A7D78}.Release|x86.ActiveCfg = Release|Any CPU
		{9953BE69-01DE-4AAE-BC32-48AEDF1A7D78}.Release|x86.Build.0 = Release|Any CPU
		{41F08A9A-A679-4245-AC6C-7EDA39980B1B}.Debug|Any CPU.ActiveCfg = Debug|Any CPU
		{41F08A9A-A679-4245-AC6C-7EDA39980B1B}.Debug|Any CPU.Build.0 = Debug|Any CPU
		{41F08A9A-A679-4245-AC6C-7EDA39980B1B}.Debug|WIN64.ActiveCfg = Debug|Any CPU
		{41F08A9A-A679-4245-AC6C-7EDA39980B1B}.Debug|WIN64.Build.0 = Debug|Any CPU
		{41F08A9A-A679-4245-AC6C-7EDA39980B1B}.Debug|x64.ActiveCfg = Debug|Any CPU
		{41F08A9A-A679-4245-AC6C-7EDA39980B1B}.Debug|x64.Build.0 = Debug|Any CPU
		{41F08A9A-A679-4245-AC6C-7EDA39980B1B}.Debug|x86.ActiveCfg = Debug|Any CPU
		{41F08A9A-A679-4245-AC6C-7EDA39980B1B}.Debug|x86.Build.0 = Debug|Any CPU
		{41F08A9A-A679-4245-AC6C-7EDA39980B1B}.Release|Any CPU.ActiveCfg = Release|Any CPU
		{41F08A9A-A679-4245-AC6C-7EDA39980B1B}.Release|Any CPU.Build.0 = Release|Any CPU
		{41F08A9A-A679-4245-AC6C-7EDA39980B1B}.Release|WIN64.ActiveCfg = Release|Any CPU
		{41F08A9A-A679-4245-AC6C-7EDA39980B1B}.Release|WIN64.Build.0 = Release|Any CPU
		{41F08A9A-A679-4245-AC6C-7EDA39980B1B}.Release|x64.ActiveCfg = Release|Any CPU
		{41F08A9A-A679-4245-AC6C-7EDA39980B1B}.Release|x64.Build.0 = Release|Any CPU
		{41F08A9A-A679-4245-AC6C-7EDA39980B1B}.Release|x86.ActiveCfg = Release|Any CPU
		{41F08A9A-A679-4245-AC6C-7EDA39980B1B}.Release|x86.Build.0 = Release|Any CPU
		{C2CD83E0-F9BB-4A83-B769-24D8D10BEDDC}.Debug|Any CPU.ActiveCfg = Debug|Any CPU
		{C2CD83E0-F9BB-4A83-B769-24D8D10BEDDC}.Debug|Any CPU.Build.0 = Debug|Any CPU
		{C2CD83E0-F9BB-4A83-B769-24D8D10BEDDC}.Debug|WIN64.ActiveCfg = Debug|Any CPU
		{C2CD83E0-F9BB-4A83-B769-24D8D10BEDDC}.Debug|WIN64.Build.0 = Debug|Any CPU
		{C2CD83E0-F9BB-4A83-B769-24D8D10BEDDC}.Debug|x64.ActiveCfg = Debug|Any CPU
		{C2CD83E0-F9BB-4A83-B769-24D8D10BEDDC}.Debug|x64.Build.0 = Debug|Any CPU
		{C2CD83E0-F9BB-4A83-B769-24D8D10BEDDC}.Debug|x86.ActiveCfg = Debug|Any CPU
		{C2CD83E0-F9BB-4A83-B769-24D8D10BEDDC}.Debug|x86.Build.0 = Debug|Any CPU
		{C2CD83E0-F9BB-4A83-B769-24D8D10BEDDC}.Release|Any CPU.ActiveCfg = Release|Any CPU
		{C2CD83E0-F9BB-4A83-B769-24D8D10BEDDC}.Release|Any CPU.Build.0 = Release|Any CPU
		{C2CD83E0-F9BB-4A83-B769-24D8D10BEDDC}.Release|WIN64.ActiveCfg = Release|Any CPU
		{C2CD83E0-F9BB-4A83-B769-24D8D10BEDDC}.Release|WIN64.Build.0 = Release|Any CPU
		{C2CD83E0-F9BB-4A83-B769-24D8D10BEDDC}.Release|x64.ActiveCfg = Release|Any CPU
		{C2CD83E0-F9BB-4A83-B769-24D8D10BEDDC}.Release|x64.Build.0 = Release|Any CPU
		{C2CD83E0-F9BB-4A83-B769-24D8D10BEDDC}.Release|x86.ActiveCfg = Release|Any CPU
		{C2CD83E0-F9BB-4A83-B769-24D8D10BEDDC}.Release|x86.Build.0 = Release|Any CPU
		{21953DF9-9D78-4FF8-8F15-6378B298A93F}.Debug|Any CPU.ActiveCfg = Debug|Any CPU
		{21953DF9-9D78-4FF8-8F15-6378B298A93F}.Debug|Any CPU.Build.0 = Debug|Any CPU
		{21953DF9-9D78-4FF8-8F15-6378B298A93F}.Debug|WIN64.ActiveCfg = Debug|Any CPU
		{21953DF9-9D78-4FF8-8F15-6378B298A93F}.Debug|WIN64.Build.0 = Debug|Any CPU
		{21953DF9-9D78-4FF8-8F15-6378B298A93F}.Debug|x64.ActiveCfg = Debug|Any CPU
		{21953DF9-9D78-4FF8-8F15-6378B298A93F}.Debug|x64.Build.0 = Debug|Any CPU
		{21953DF9-9D78-4FF8-8F15-6378B298A93F}.Debug|x86.ActiveCfg = Debug|Any CPU
		{21953DF9-9D78-4FF8-8F15-6378B298A93F}.Debug|x86.Build.0 = Debug|Any CPU
		{21953DF9-9D78-4FF8-8F15-6378B298A93F}.Release|Any CPU.ActiveCfg = Release|Any CPU
		{21953DF9-9D78-4FF8-8F15-6378B298A93F}.Release|Any CPU.Build.0 = Release|Any CPU
		{21953DF9-9D78-4FF8-8F15-6378B298A93F}.Release|WIN64.ActiveCfg = Release|Any CPU
		{21953DF9-9D78-4FF8-8F15-6378B298A93F}.Release|WIN64.Build.0 = Release|Any CPU
		{21953DF9-9D78-4FF8-8F15-6378B298A93F}.Release|x64.ActiveCfg = Release|Any CPU
		{21953DF9-9D78-4FF8-8F15-6378B298A93F}.Release|x64.Build.0 = Release|Any CPU
		{21953DF9-9D78-4FF8-8F15-6378B298A93F}.Release|x86.ActiveCfg = Release|Any CPU
		{21953DF9-9D78-4FF8-8F15-6378B298A93F}.Release|x86.Build.0 = Release|Any CPU
		{3E976FED-A183-493B-AD9F-D3EB39523FC9}.Debug|Any CPU.ActiveCfg = Debug|Any CPU
		{3E976FED-A183-493B-AD9F-D3EB39523FC9}.Debug|Any CPU.Build.0 = Debug|Any CPU
		{3E976FED-A183-493B-AD9F-D3EB39523FC9}.Debug|WIN64.ActiveCfg = Debug|Any CPU
		{3E976FED-A183-493B-AD9F-D3EB39523FC9}.Debug|WIN64.Build.0 = Debug|Any CPU
		{3E976FED-A183-493B-AD9F-D3EB39523FC9}.Debug|x64.ActiveCfg = Debug|Any CPU
		{3E976FED-A183-493B-AD9F-D3EB39523FC9}.Debug|x64.Build.0 = Debug|Any CPU
		{3E976FED-A183-493B-AD9F-D3EB39523FC9}.Debug|x86.ActiveCfg = Debug|Any CPU
		{3E976FED-A183-493B-AD9F-D3EB39523FC9}.Debug|x86.Build.0 = Debug|Any CPU
		{3E976FED-A183-493B-AD9F-D3EB39523FC9}.Release|Any CPU.ActiveCfg = Release|Any CPU
		{3E976FED-A183-493B-AD9F-D3EB39523FC9}.Release|Any CPU.Build.0 = Release|Any CPU
		{3E976FED-A183-493B-AD9F-D3EB39523FC9}.Release|WIN64.ActiveCfg = Release|Any CPU
		{3E976FED-A183-493B-AD9F-D3EB39523FC9}.Release|WIN64.Build.0 = Release|Any CPU
		{3E976FED-A183-493B-AD9F-D3EB39523FC9}.Release|x64.ActiveCfg = Release|Any CPU
		{3E976FED-A183-493B-AD9F-D3EB39523FC9}.Release|x64.Build.0 = Release|Any CPU
		{3E976FED-A183-493B-AD9F-D3EB39523FC9}.Release|x86.ActiveCfg = Release|Any CPU
		{3E976FED-A183-493B-AD9F-D3EB39523FC9}.Release|x86.Build.0 = Release|Any CPU
		{7C7BF3BA-DC04-4D8C-A23F-2ECBCADDCA1E}.Debug|Any CPU.ActiveCfg = Debug|Any CPU
		{7C7BF3BA-DC04-4D8C-A23F-2ECBCADDCA1E}.Debug|Any CPU.Build.0 = Debug|Any CPU
		{7C7BF3BA-DC04-4D8C-A23F-2ECBCADDCA1E}.Debug|WIN64.ActiveCfg = Debug|Any CPU
		{7C7BF3BA-DC04-4D8C-A23F-2ECBCADDCA1E}.Debug|WIN64.Build.0 = Debug|Any CPU
		{7C7BF3BA-DC04-4D8C-A23F-2ECBCADDCA1E}.Debug|x64.ActiveCfg = Debug|Any CPU
		{7C7BF3BA-DC04-4D8C-A23F-2ECBCADDCA1E}.Debug|x64.Build.0 = Debug|Any CPU
		{7C7BF3BA-DC04-4D8C-A23F-2ECBCADDCA1E}.Debug|x86.ActiveCfg = Debug|Any CPU
		{7C7BF3BA-DC04-4D8C-A23F-2ECBCADDCA1E}.Debug|x86.Build.0 = Debug|Any CPU
		{7C7BF3BA-DC04-4D8C-A23F-2ECBCADDCA1E}.Release|Any CPU.ActiveCfg = Release|Any CPU
		{7C7BF3BA-DC04-4D8C-A23F-2ECBCADDCA1E}.Release|Any CPU.Build.0 = Release|Any CPU
		{7C7BF3BA-DC04-4D8C-A23F-2ECBCADDCA1E}.Release|WIN64.ActiveCfg = Release|Any CPU
		{7C7BF3BA-DC04-4D8C-A23F-2ECBCADDCA1E}.Release|WIN64.Build.0 = Release|Any CPU
		{7C7BF3BA-DC04-4D8C-A23F-2ECBCADDCA1E}.Release|x64.ActiveCfg = Release|Any CPU
		{7C7BF3BA-DC04-4D8C-A23F-2ECBCADDCA1E}.Release|x64.Build.0 = Release|Any CPU
		{7C7BF3BA-DC04-4D8C-A23F-2ECBCADDCA1E}.Release|x86.ActiveCfg = Release|Any CPU
		{7C7BF3BA-DC04-4D8C-A23F-2ECBCADDCA1E}.Release|x86.Build.0 = Release|Any CPU
		{6152178C-326D-4BF7-A432-5841C1A86511}.Debug|Any CPU.ActiveCfg = Debug|Any CPU
		{6152178C-326D-4BF7-A432-5841C1A86511}.Debug|Any CPU.Build.0 = Debug|Any CPU
		{6152178C-326D-4BF7-A432-5841C1A86511}.Debug|WIN64.ActiveCfg = Debug|Any CPU
		{6152178C-326D-4BF7-A432-5841C1A86511}.Debug|WIN64.Build.0 = Debug|Any CPU
		{6152178C-326D-4BF7-A432-5841C1A86511}.Debug|x64.ActiveCfg = Debug|Any CPU
		{6152178C-326D-4BF7-A432-5841C1A86511}.Debug|x64.Build.0 = Debug|Any CPU
		{6152178C-326D-4BF7-A432-5841C1A86511}.Debug|x86.ActiveCfg = Debug|Any CPU
		{6152178C-326D-4BF7-A432-5841C1A86511}.Debug|x86.Build.0 = Debug|Any CPU
		{6152178C-326D-4BF7-A432-5841C1A86511}.Release|Any CPU.ActiveCfg = Release|Any CPU
		{6152178C-326D-4BF7-A432-5841C1A86511}.Release|Any CPU.Build.0 = Release|Any CPU
		{6152178C-326D-4BF7-A432-5841C1A86511}.Release|WIN64.ActiveCfg = Release|Any CPU
		{6152178C-326D-4BF7-A432-5841C1A86511}.Release|WIN64.Build.0 = Release|Any CPU
		{6152178C-326D-4BF7-A432-5841C1A86511}.Release|x64.ActiveCfg = Release|Any CPU
		{6152178C-326D-4BF7-A432-5841C1A86511}.Release|x64.Build.0 = Release|Any CPU
		{6152178C-326D-4BF7-A432-5841C1A86511}.Release|x86.ActiveCfg = Release|Any CPU
		{6152178C-326D-4BF7-A432-5841C1A86511}.Release|x86.Build.0 = Release|Any CPU
	EndGlobalSection
	GlobalSection(SolutionProperties) = preSolution
		HideSolutionNode = FALSE
	EndGlobalSection
	GlobalSection(ExtensibilityGlobals) = postSolution
		SolutionGuid = {9FBC47D4-99D4-4391-B523-22C48193F328}
	EndGlobalSection
EndGlobal
